// !$*UTF8*$!
{
	archiveVersion = 1;
	classes = {
	};
	objectVersion = 50;
	objects = {

/* Begin PBXBuildFile section */
		C6948C3E2395D53300F30501 /* AppDelegate.swift in Sources */ = {isa = PBXBuildFile; fileRef = C6948C3D2395D53300F30501 /* AppDelegate.swift */; };
		C6948C402395D53300F30501 /* SceneDelegate.swift in Sources */ = {isa = PBXBuildFile; fileRef = C6948C3F2395D53300F30501 /* SceneDelegate.swift */; };
		C6948C422395D53300F30501 /* ViewController.swift in Sources */ = {isa = PBXBuildFile; fileRef = C6948C412395D53300F30501 /* ViewController.swift */; };
		C6948C452395D53300F30501 /* Main.storyboard in Resources */ = {isa = PBXBuildFile; fileRef = C6948C432395D53300F30501 /* Main.storyboard */; };
		C6948C472395D53F00F30501 /* Assets.xcassets in Resources */ = {isa = PBXBuildFile; fileRef = C6948C462395D53F00F30501 /* Assets.xcassets */; };
		C6948C4A2395D53F00F30501 /* LaunchScreen.storyboard in Resources */ = {isa = PBXBuildFile; fileRef = C6948C482395D53F00F30501 /* LaunchScreen.storyboard */; };
		C6A77B7E23C0BD4F00A3FD2A /* Popup.swift in Sources */ = {isa = PBXBuildFile; fileRef = C6A77B7D23C0BD4F00A3FD2A /* Popup.swift */; };
/* End PBXBuildFile section */

/* Begin PBXFileReference section */
		C6948C3A2395D53300F30501 /* radioSample.app */ = {isa = PBXFileReference; explicitFileType = wrapper.application; includeInIndex = 0; path = radioSample.app; sourceTree = BUILT_PRODUCTS_DIR; };
		C6948C3D2395D53300F30501 /* AppDelegate.swift */ = {isa = PBXFileReference; lastKnownFileType = sourcecode.swift; path = AppDelegate.swift; sourceTree = "<group>"; };
		C6948C3F2395D53300F30501 /* SceneDelegate.swift */ = {isa = PBXFileReference; lastKnownFileType = sourcecode.swift; path = SceneDelegate.swift; sourceTree = "<group>"; };
		C6948C412395D53300F30501 /* ViewController.swift */ = {isa = PBXFileReference; lastKnownFileType = sourcecode.swift; path = ViewController.swift; sourceTree = "<group>"; };
		C6948C442395D53300F30501 /* Base */ = {isa = PBXFileReference; lastKnownFileType = file.storyboard; name = Base; path = Base.lproj/Main.storyboard; sourceTree = "<group>"; };
		C6948C462395D53F00F30501 /* Assets.xcassets */ = {isa = PBXFileReference; lastKnownFileType = folder.assetcatalog; path = Assets.xcassets; sourceTree = "<group>"; };
		C6948C492395D53F00F30501 /* Base */ = {isa = PBXFileReference; lastKnownFileType = file.storyboard; name = Base; path = Base.lproj/LaunchScreen.storyboard; sourceTree = "<group>"; };
		C6948C4B2395D53F00F30501 /* Info.plist */ = {isa = PBXFileReference; lastKnownFileType = text.plist.xml; path = Info.plist; sourceTree = "<group>"; };
		C6A77B7D23C0BD4F00A3FD2A /* Popup.swift */ = {isa = PBXFileReference; lastKnownFileType = sourcecode.swift; path = Popup.swift; sourceTree = "<group>"; };
/* End PBXFileReference section */

/* Begin PBXFrameworksBuildPhase section */
		C6948C372395D53300F30501 /* Frameworks */ = {
			isa = PBXFrameworksBuildPhase;
			buildActionMask = 2147483647;
			files = (
			);
			runOnlyForDeploymentPostprocessing = 0;
		};
/* End PBXFrameworksBuildPhase section */

/* Begin PBXGroup section */
		C6948C312395D53300F30501 = {
			isa = PBXGroup;
			children = (
				C6948C3C2395D53300F30501 /* radioSample */,
				C6948C3B2395D53300F30501 /* Products */,
			);
			sourceTree = "<group>";
		};
		C6948C3B2395D53300F30501 /* Products */ = {
			isa = PBXGroup;
			children = (
				C6948C3A2395D53300F30501 /* radioSample.app */,
			);
			name = Products;
			sourceTree = "<group>";
		};
		C6948C3C2395D53300F30501 /* radioSample */ = {
			isa = PBXGroup;
			children = (
				C6A77B7C23C0BD2200A3FD2A /* Component */,
				C6948C3D2395D53300F30501 /* AppDelegate.swift */,
				C6948C3F2395D53300F30501 /* SceneDelegate.swift */,
				C6948C412395D53300F30501 /* ViewController.swift */,
				C6948C432395D53300F30501 /* Main.storyboard */,
				C6948C462395D53F00F30501 /* Assets.xcassets */,
				C6948C482395D53F00F30501 /* LaunchScreen.storyboard */,
				C6948C4B2395D53F00F30501 /* Info.plist */,
			);
			path = radioSample;
			sourceTree = "<group>";
		};
		C6A77B7C23C0BD2200A3FD2A /* Component */ = {
			isa = PBXGroup;
			children = (
				C6A77B7D23C0BD4F00A3FD2A /* Popup.swift */,
			);
			path = Component;
			sourceTree = "<group>";
		};
/* End PBXGroup section */

/* Begin PBXNativeTarget section */
		C6948C392395D53300F30501 /* radioSample */ = {
			isa = PBXNativeTarget;
			buildConfigurationList = C6948C4E2395D53F00F30501 /* Build configuration list for PBXNativeTarget "radioSample" */;
			buildPhases = (
				C6948C362395D53300F30501 /* Sources */,
				C6948C372395D53300F30501 /* Frameworks */,
				C6948C382395D53300F30501 /* Resources */,
			);
			buildRules = (
			);
			dependencies = (
			);
			name = radioSample;
			productName = radioSample;
			productReference = C6948C3A2395D53300F30501 /* radioSample.app */;
			productType = "com.apple.product-type.application";
		};
/* End PBXNativeTarget section */

/* Begin PBXProject section */
		C6948C322395D53300F30501 /* Project object */ = {
			isa = PBXProject;
			attributes = {
				LastSwiftUpdateCheck = 1120;
				LastUpgradeCheck = 1120;
				ORGANIZATIONNAME = "Liellison Menezes";
				TargetAttributes = {
					C6948C392395D53300F30501 = {
						CreatedOnToolsVersion = 11.2.1;
					};
				};
			};
			buildConfigurationList = C6948C352395D53300F30501 /* Build configuration list for PBXProject "radioSample" */;
			compatibilityVersion = "Xcode 9.3";
			developmentRegion = en;
			hasScannedForEncodings = 0;
			knownRegions = (
				en,
				Base,
			);
			mainGroup = C6948C312395D53300F30501;
			productRefGroup = C6948C3B2395D53300F30501 /* Products */;
			projectDirPath = "";
			projectRoot = "";
			targets = (
				C6948C392395D53300F30501 /* radioSample */,
			);
		};
/* End PBXProject section */

/* Begin PBXResourcesBuildPhase section */
		C6948C382395D53300F30501 /* Resources */ = {
			isa = PBXResourcesBuildPhase;
			buildActionMask = 2147483647;
			files = (
				C6948C4A2395D53F00F30501 /* LaunchScreen.storyboard in Resources */,
				C6948C472395D53F00F30501 /* Assets.xcassets in Resources */,
				C6948C452395D53300F30501 /* Main.storyboard in Resources */,
			);
			runOnlyForDeploymentPostprocessing = 0;
		};
/* End PBXResourcesBuildPhase section */

/* Begin PBXSourcesBuildPhase section */
		C6948C362395D53300F30501 /* Sources */ = {
			isa = PBXSourcesBuildPhase;
			buildActionMask = 2147483647;
			files = (
				C6948C422395D53300F30501 /* ViewController.swift in Sources */,
				C6948C3E2395D53300F30501 /* AppDelegate.swift in Sources */,
				C6A77B7E23C0BD4F00A3FD2A /* Popup.swift in Sources */,
				C6948C402395D53300F30501 /* SceneDelegate.swift in Sources */,
			);
			runOnlyForDeploymentPostprocessing = 0;
		};
/* End PBXSourcesBuildPhase section */

/* Begin PBXVariantGroup section */
		C6948C432395D53300F30501 /* Main.storyboard */ = {
			isa = PBXVariantGroup;
			children = (
				C6948C442395D53300F30501 /* Base */,
			);
			name = Main.storyboard;
			sourceTree = "<group>";
		};
		C6948C482395D53F00F30501 /* LaunchScreen.storyboard */ = {
			isa = PBXVariantGroup;
			children = (
				C6948C492395D53F00F30501 /* Base */,
			);
			name = LaunchScreen.storyboard;
			sourceTree = "<group>";
		};
/* End PBXVariantGroup section */

/* Begin XCBuildConfiguration section */
		C6948C4C2395D53F00F30501 /* Debug */ = {
			isa = XCBuildConfiguration;
			buildSettings = {
				ALWAYS_SEARCH_USER_PATHS = NO;
				CLANG_ANALYZER_NONNULL = YES;
				CLANG_ANALYZER_NUMBER_OBJECT_CONVERSION = YES_AGGRESSIVE;
				CLANG_CXX_LANGUAGE_STANDARD = "gnu++14";
				CLANG_CXX_LIBRARY = "libc++";
				CLANG_ENABLE_MODULES = YES;
				CLANG_ENABLE_OBJC_ARC = YES;
				CLANG_ENABLE_OBJC_WEAK = YES;
				CLANG_WARN_BLOCK_CAPTURE_AUTORELEASING = YES;
				CLANG_WARN_BOOL_CONVERSION = YES;
				CLANG_WARN_COMMA = YES;
				CLANG_WARN_CONSTANT_CONVERSION = YES;
				CLANG_WARN_DEPRECATED_OBJC_IMPLEMENTATIONS = YES;
				CLANG_WARN_DIRECT_OBJC_ISA_USAGE = YES_ERROR;
				CLANG_WARN_DOCUMENTATION_COMMENTS = YES;
				CLANG_WARN_EMPTY_BODY = YES;
				CLANG_WARN_ENUM_CONVERSION = YES;
				CLANG_WARN_INFINITE_RECURSION = YES;
				CLANG_WARN_INT_CONVERSION = YES;
				CLANG_WARN_NON_LITERAL_NULL_CONVERSION = YES;
				CLANG_WARN_OBJC_IMPLICIT_RETAIN_SELF = YES;
				CLANG_WARN_OBJC_LITERAL_CONVERSION = YES;
				CLANG_WARN_OBJC_ROOT_CLASS = YES_ERROR;
				CLANG_WARN_RANGE_LOOP_ANALYSIS = YES;
				CLANG_WARN_STRICT_PROTOTYPES = YES;
				CLANG_WARN_SUSPICIOUS_MOVE = YES;
				CLANG_WARN_UNGUARDED_AVAILABILITY = YES_AGGRESSIVE;
				CLANG_WARN_UNREACHABLE_CODE = YES;
				CLANG_WARN__DUPLICATE_METHOD_MATCH = YES;
				COPY_PHASE_STRIP = NO;
				DEBUG_INFORMATION_FORMAT = dwarf;
				ENABLE_STRICT_OBJC_MSGSEND = YES;
				ENABLE_TESTABILITY = YES;
				GCC_C_LANGUAGE_STANDARD = gnu11;
				GCC_DYNAMIC_NO_PIC = NO;
				GCC_NO_COMMON_BLOCKS = YES;
				GCC_OPTIMIZATION_LEVEL = 0;
				GCC_PREPROCESSOR_DEFINITIONS = (
					"DEBUG=1",
					"$(inherited)",
				);
				GCC_WARN_64_TO_32_BIT_CONVERSION = YES;
				GCC_WARN_ABOUT_RETURN_TYPE = YES_ERROR;
				GCC_WARN_UNDECLARED_SELECTOR = YES;
				GCC_WARN_UNINITIALIZED_AUTOS = YES_AGGRESSIVE;
				GCC_WARN_UNUSED_FUNCTION = YES;
				GCC_WARN_UNUSED_VARIABLE = YES;
				IPHONEOS_DEPLOYMENT_TARGET = 13.2;
				MTL_ENABLE_DEBUG_INFO = INCLUDE_SOURCE;
				MTL_FAST_MATH = YES;
				ONLY_ACTIVE_ARCH = YES;
				SDKROOT = iphoneos;
				SWIFT_ACTIVE_COMPILATION_CONDITIONS = DEBUG;
				SWIFT_OPTIMIZATION_LEVEL = "-Onone";
			};
			name = Debug;
		};
		C6948C4D2395D53F00F30501 /* Release */ = {
			isa = XCBuildConfiguration;
			buildSettings = {
				ALWAYS_SEARCH_USER_PATHS = NO;
				CLANG_ANALYZER_NONNULL = YES;
				CLANG_ANALYZER_NUMBER_OBJECT_CONVERSION = YES_AGGRESSIVE;
				CLANG_CXX_LANGUAGE_STANDARD = "gnu++14";
				CLANG_CXX_LIBRARY = "libc++";
				CLANG_ENABLE_MODULES = YES;
				CLANG_ENABLE_OBJC_ARC = YES;
				CLANG_ENABLE_OBJC_WEAK = YES;
				CLANG_WARN_BLOCK_CAPTURE_AUTORELEASING = YES;
				CLANG_WARN_BOOL_CONVERSION = YES;
				CLANG_WARN_COMMA = YES;
				CLANG_WARN_CONSTANT_CONVERSION = YES;
				CLANG_WARN_DEPRECATED_OBJC_IMPLEMENTATIONS = YES;
				CLANG_WARN_DIRECT_OBJC_ISA_USAGE = YES_ERROR;
				CLANG_WARN_DOCUMENTATION_COMMENTS = YES;
				CLANG_WARN_EMPTY_BODY = YES;
				CLANG_WARN_ENUM_CONVERSION = YES;
				CLANG_WARN_INFINITE_RECURSION = YES;
				CLANG_WARN_INT_CONVERSION = YES;
				CLANG_WARN_NON_LITERAL_NULL_CONVERSION = YES;
				CLANG_WARN_OBJC_IMPLICIT_RETAIN_SELF = YES;
				CLANG_WARN_OBJC_LITERAL_CONVERSION = YES;
				CLANG_WARN_OBJC_ROOT_CLASS = YES_ERROR;
				CLANG_WARN_RANGE_LOOP_ANALYSIS = YES;
				CLANG_WARN_STRICT_PROTOTYPES = YES;
				CLANG_WARN_SUSPICIOUS_MOVE = YES;
				CLANG_WARN_UNGUARDED_AVAILABILITY = YES_AGGRESSIVE;
				CLANG_WARN_UNREACHABLE_CODE = YES;
				CLANG_WARN__DUPLICATE_METHOD_MATCH = YES;
				COPY_PHASE_STRIP = NO;
				DEBUG_INFORMATION_FORMAT = "dwarf-with-dsym";
				ENABLE_NS_ASSERTIONS = NO;
				ENABLE_STRICT_OBJC_MSGSEND = YES;
				GCC_C_LANGUAGE_STANDARD = gnu11;
				GCC_NO_COMMON_BLOCKS = YES;
				GCC_WARN_64_TO_32_BIT_CONVERSION = YES;
				GCC_WARN_ABOUT_RETURN_TYPE = YES_ERROR;
				GCC_WARN_UNDECLARED_SELECTOR = YES;
				GCC_WARN_UNINITIALIZED_AUTOS = YES_AGGRESSIVE;
				GCC_WARN_UNUSED_FUNCTION = YES;
				GCC_WARN_UNUSED_VARIABLE = YES;
				IPHONEOS_DEPLOYMENT_TARGET = 13.2;
				MTL_ENABLE_DEBUG_INFO = NO;
				MTL_FAST_MATH = YES;
				SDKROOT = iphoneos;
				SWIFT_COMPILATION_MODE = wholemodule;
				SWIFT_OPTIMIZATION_LEVEL = "-O";
				VALIDATE_PRODUCT = YES;
			};
			name = Release;
		};
		C6948C4F2395D53F00F30501 /* Debug */ = {
			isa = XCBuildConfiguration;
			buildSettings = {
				ASSETCATALOG_COMPILER_APPICON_NAME = AppIcon;
				CODE_SIGN_STYLE = Automatic;
				DEVELOPMENT_TEAM = H3V2LZ4MW4;
				INFOPLIST_FILE = radioSample/Info.plist;
				LD_RUNPATH_SEARCH_PATHS = (
					"$(inherited)",
					"@executable_path/Frameworks",
				);
				PRODUCT_BUNDLE_IDENTIFIER = Liellison.radioSample;
				PRODUCT_NAME = "$(TARGET_NAME)";
				SWIFT_VERSION = 5.0;
				TARGETED_DEVICE_FAMILY = "1,2";
			};
			name = Debug;
		};
		C6948C502395D53F00F30501 /* Release */ = {
			isa = XCBuildConfiguration;
			buildSettings = {
				ASSETCATALOG_COMPILER_APPICON_NAME = AppIcon;
				CODE_SIGN_STYLE = Automatic;
				DEVELOPMENT_TEAM = H3V2LZ4MW4;
				INFOPLIST_FILE = radioSample/Info.plist;
				LD_RUNPATH_SEARCH_PATHS = (
					"$(inherited)",
					"@executable_path/Frameworks",
				);
				PRODUCT_BUNDLE_IDENTIFIER = Liellison.radioSample;
				PRODUCT_NAME = "$(TARGET_NAME)";
				SWIFT_VERSION = 5.0;
				TARGETED_DEVICE_FAMILY = "1,2";
			};
			name = Release;
		};
/* End XCBuildConfiguration section */

/* Begin XCConfigurationList section */
		C6948C352395D53300F30501 /* Build configuration list for PBXProject "radioSample" */ = {
			isa = XCConfigurationList;
			buildConfigurations = (
				C6948C4C2395D53F00F30501 /* Debug */,
				C6948C4D2395D53F00F30501 /* Release */,
			);
			defaultConfigurationIsVisible = 0;
			defaultConfigurationName = Release;
		};
		C6948C4E2395D53F00F30501 /* Build configuration list for PBXNativeTarget "radioSample" */ = {
			isa = XCConfigurationList;
			buildConfigurations = (
				C6948C4F2395D53F00F30501 /* Debug */,
				C6948C502395D53F00F30501 /* Release */,
			);
			defaultConfigurationIsVisible = 0;
			defaultConfigurationName = Release;
		};
/* End XCConfigurationList section */
	};
	rootObject = C6948C322395D53300F30501 /* Project object */;
}
